
Microsoft Visual Studio Solution File, Format Version 12.00
# Visual Studio 15
VisualStudioVersion = 15.0.28307.329
MinimumVisualStudioVersion = 10.0.40219.1
Project("{FAE04EC0-301F-11D3-BF4B-00C04F79EFBC}") = "PassPusher", "PassPusher\PassPusher.csproj", "{22BFD7F3-D437-493F-B645-FCED8B93FD9A}"
EndProject
Global
	GlobalSection(SolutionConfigurationPlatforms) = preSolution
		Debug|Any CPU = Debug|Any CPU
		Release|Any CPU = Release|Any CPU
	EndGlobalSection
	GlobalSection(ProjectConfigurationPlatforms) = postSolution
		{22BFD7F3-D437-493F-B645-FCED8B93FD9A}.Debug|Any CPU.ActiveCfg = Debug|Any CPU
		{22BFD7F3-D437-493F-B645-FCED8B93FD9A}.Debug|Any CPU.Build.0 = Debug|Any CPU
		{22BFD7F3-D437-493F-B645-FCED8B93FD9A}.Release|Any CPU.ActiveCfg = Release|Any CPU
		{22BFD7F3-D437-493F-B645-FCED8B93FD9A}.Release|Any CPU.Build.0 = Release|Any CPU
	EndGlobalSection
	GlobalSection(SolutionProperties) = preSolution
		HideSolutionNode = FALSE
	EndGlobalSection
	GlobalSection(ExtensibilityGlobals) = postSolution
		SolutionGuid = {D9C72F7F-E40C-4679-8F8E-F112384F1191}
	EndGlobalSection
EndGlobal
